// !$*UTF8*$!
{
	archiveVersion = 1;
	classes = {
	};
	objectVersion = 55;
	objects = {

/* Begin PBXBuildFile section */
		4946C1BE280B319E00F847F9 /* ScaleFitImageView.swift in Sources */ = {isa = PBXBuildFile; fileRef = 4946C1BD280B319E00F847F9 /* ScaleFitImageView.swift */; };
		4946C1C4280BFCF900F847F9 /* NumberTextField.swift in Sources */ = {isa = PBXBuildFile; fileRef = 4946C1C3280BFCF900F847F9 /* NumberTextField.swift */; };
		49940376280C521800892638 /* PhoneNumber.swift in Sources */ = {isa = PBXBuildFile; fileRef = 49940375280C521800892638 /* PhoneNumber.swift */; };
		49A4166628091CA200776153 /* AppDelegate.swift in Sources */ = {isa = PBXBuildFile; fileRef = 49A4166528091CA200776153 /* AppDelegate.swift */; };
		49A4166828091CA200776153 /* SceneDelegate.swift in Sources */ = {isa = PBXBuildFile; fileRef = 49A4166728091CA200776153 /* SceneDelegate.swift */; };
		49A4166A28091CA200776153 /* ViewController.swift in Sources */ = {isa = PBXBuildFile; fileRef = 49A4166928091CA200776153 /* ViewController.swift */; };
		49A4166D28091CA200776153 /* Main.storyboard in Resources */ = {isa = PBXBuildFile; fileRef = 49A4166B28091CA200776153 /* Main.storyboard */; };
		49A4166F28091CA200776153 /* Assets.xcassets in Resources */ = {isa = PBXBuildFile; fileRef = 49A4166E28091CA200776153 /* Assets.xcassets */; };
		49A4167228091CA200776153 /* LaunchScreen.storyboard in Resources */ = {isa = PBXBuildFile; fileRef = 49A4167028091CA200776153 /* LaunchScreen.storyboard */; };
		49A4167D28091D1000776153 /* LoginViewController.swift in Sources */ = {isa = PBXBuildFile; fileRef = 49A4167C28091D1000776153 /* LoginViewController.swift */; };
		49A4167F2809200500776153 /* PaddingLabel.swift in Sources */ = {isa = PBXBuildFile; fileRef = 49A4167E2809200500776153 /* PaddingLabel.swift */; };
		49A416822809207300776153 /* Task.swift in Sources */ = {isa = PBXBuildFile; fileRef = 49A416812809207300776153 /* Task.swift */; };
		49A416842809228500776153 /* Plan.swift in Sources */ = {isa = PBXBuildFile; fileRef = 49A416832809228500776153 /* Plan.swift */; };
		49A416862809241700776153 /* PasswordTextField.swift in Sources */ = {isa = PBXBuildFile; fileRef = 49A416852809241700776153 /* PasswordTextField.swift */; };
		49A416882809246200776153 /* TaskCollectionViewCell.swift in Sources */ = {isa = PBXBuildFile; fileRef = 49A416872809246200776153 /* TaskCollectionViewCell.swift */; };
		49A4168A2809247800776153 /* PlanCollectionViewCell.swift in Sources */ = {isa = PBXBuildFile; fileRef = 49A416892809247800776153 /* PlanCollectionViewCell.swift */; };
		49A4168C28093E9F00776153 /* Extensions.swift in Sources */ = {isa = PBXBuildFile; fileRef = 49A4168B28093E9F00776153 /* Extensions.swift */; };
		49A4168E28097E3400776153 /* CareTaskViewController.swift in Sources */ = {isa = PBXBuildFile; fileRef = 49A4168D28097E3400776153 /* CareTaskViewController.swift */; };
		49A4169028097E3F00776153 /* CarePlanViewController.swift in Sources */ = {isa = PBXBuildFile; fileRef = 49A4168F28097E3F00776153 /* CarePlanViewController.swift */; };
		49A416922809A85900776153 /* ActionButton.swift in Sources */ = {isa = PBXBuildFile; fileRef = 49A416912809A85900776153 /* ActionButton.swift */; };
		49A41694280AA73900776153 /* TabViewController.swift in Sources */ = {isa = PBXBuildFile; fileRef = 49A41693280AA73900776153 /* TabViewController.swift */; };
		49A41696280ADECC00776153 /* SimpleViewController.swift in Sources */ = {isa = PBXBuildFile; fileRef = 49A41695280ADECC00776153 /* SimpleViewController.swift */; };
		49A41698280B205600776153 /* TaskFeeder.swift in Sources */ = {isa = PBXBuildFile; fileRef = 49A41697280B205600776153 /* TaskFeeder.swift */; };
		49A4169A280B218C00776153 /* PlanFeeder.swift in Sources */ = {isa = PBXBuildFile; fileRef = 49A41699280B218C00776153 /* PlanFeeder.swift */; };
/* End PBXBuildFile section */

/* Begin PBXFileReference section */
		4946C1BD280B319E00F847F9 /* ScaleFitImageView.swift */ = {isa = PBXFileReference; lastKnownFileType = sourcecode.swift; path = ScaleFitImageView.swift; sourceTree = "<group>"; };
		4946C1C3280BFCF900F847F9 /* NumberTextField.swift */ = {isa = PBXFileReference; lastKnownFileType = sourcecode.swift; path = NumberTextField.swift; sourceTree = "<group>"; };
		49940375280C521800892638 /* PhoneNumber.swift */ = {isa = PBXFileReference; lastKnownFileType = sourcecode.swift; path = PhoneNumber.swift; sourceTree = "<group>"; };
		49A4166228091CA200776153 /* healthbeats.app */ = {isa = PBXFileReference; explicitFileType = wrapper.application; includeInIndex = 0; path = healthbeats.app; sourceTree = BUILT_PRODUCTS_DIR; };
		49A4166528091CA200776153 /* AppDelegate.swift */ = {isa = PBXFileReference; lastKnownFileType = sourcecode.swift; path = AppDelegate.swift; sourceTree = "<group>"; };
		49A4166728091CA200776153 /* SceneDelegate.swift */ = {isa = PBXFileReference; lastKnownFileType = sourcecode.swift; path = SceneDelegate.swift; sourceTree = "<group>"; };
		49A4166928091CA200776153 /* ViewController.swift */ = {isa = PBXFileReference; lastKnownFileType = sourcecode.swift; path = ViewController.swift; sourceTree = "<group>"; };
		49A4166C28091CA200776153 /* Base */ = {isa = PBXFileReference; lastKnownFileType = file.storyboard; name = Base; path = Base.lproj/Main.storyboard; sourceTree = "<group>"; };
		49A4166E28091CA200776153 /* Assets.xcassets */ = {isa = PBXFileReference; lastKnownFileType = folder.assetcatalog; path = Assets.xcassets; sourceTree = "<group>"; };
		49A4167128091CA200776153 /* Base */ = {isa = PBXFileReference; lastKnownFileType = file.storyboard; name = Base; path = Base.lproj/LaunchScreen.storyboard; sourceTree = "<group>"; };
		49A4167328091CA200776153 /* Info.plist */ = {isa = PBXFileReference; lastKnownFileType = text.plist.xml; path = Info.plist; sourceTree = "<group>"; };
		49A4167C28091D1000776153 /* LoginViewController.swift */ = {isa = PBXFileReference; lastKnownFileType = sourcecode.swift; path = LoginViewController.swift; sourceTree = "<group>"; };
		49A4167E2809200500776153 /* PaddingLabel.swift */ = {isa = PBXFileReference; lastKnownFileType = sourcecode.swift; path = PaddingLabel.swift; sourceTree = "<group>"; };
		49A416812809207300776153 /* Task.swift */ = {isa = PBXFileReference; lastKnownFileType = sourcecode.swift; path = Task.swift; sourceTree = "<group>"; };
		49A416832809228500776153 /* Plan.swift */ = {isa = PBXFileReference; lastKnownFileType = sourcecode.swift; path = Plan.swift; sourceTree = "<group>"; };
		49A416852809241700776153 /* PasswordTextField.swift */ = {isa = PBXFileReference; lastKnownFileType = sourcecode.swift; path = PasswordTextField.swift; sourceTree = "<group>"; };
		49A416872809246200776153 /* TaskCollectionViewCell.swift */ = {isa = PBXFileReference; lastKnownFileType = sourcecode.swift; path = TaskCollectionViewCell.swift; sourceTree = "<group>"; };
		49A416892809247800776153 /* PlanCollectionViewCell.swift */ = {isa = PBXFileReference; lastKnownFileType = sourcecode.swift; path = PlanCollectionViewCell.swift; sourceTree = "<group>"; };
		49A4168B28093E9F00776153 /* Extensions.swift */ = {isa = PBXFileReference; lastKnownFileType = sourcecode.swift; path = Extensions.swift; sourceTree = "<group>"; };
		49A4168D28097E3400776153 /* CareTaskViewController.swift */ = {isa = PBXFileReference; lastKnownFileType = sourcecode.swift; path = CareTaskViewController.swift; sourceTree = "<group>"; };
		49A4168F28097E3F00776153 /* CarePlanViewController.swift */ = {isa = PBXFileReference; lastKnownFileType = sourcecode.swift; path = CarePlanViewController.swift; sourceTree = "<group>"; };
		49A416912809A85900776153 /* ActionButton.swift */ = {isa = PBXFileReference; lastKnownFileType = sourcecode.swift; path = ActionButton.swift; sourceTree = "<group>"; };
		49A41693280AA73900776153 /* TabViewController.swift */ = {isa = PBXFileReference; lastKnownFileType = sourcecode.swift; path = TabViewController.swift; sourceTree = "<group>"; };
		49A41695280ADECC00776153 /* SimpleViewController.swift */ = {isa = PBXFileReference; lastKnownFileType = sourcecode.swift; path = SimpleViewController.swift; sourceTree = "<group>"; };
		49A41697280B205600776153 /* TaskFeeder.swift */ = {isa = PBXFileReference; lastKnownFileType = sourcecode.swift; path = TaskFeeder.swift; sourceTree = "<group>"; };
		49A41699280B218C00776153 /* PlanFeeder.swift */ = {isa = PBXFileReference; lastKnownFileType = sourcecode.swift; path = PlanFeeder.swift; sourceTree = "<group>"; };
/* End PBXFileReference section */

/* Begin PBXFrameworksBuildPhase section */
		49A4165F28091CA200776153 /* Frameworks */ = {
			isa = PBXFrameworksBuildPhase;
			buildActionMask = 2147483647;
			files = (
			);
			runOnlyForDeploymentPostprocessing = 0;
		};
/* End PBXFrameworksBuildPhase section */

/* Begin PBXGroup section */
		49A4165928091CA200776153 = {
			isa = PBXGroup;
			children = (
				49A4166428091CA200776153 /* healthbeats */,
				49A4166328091CA200776153 /* Products */,
			);
			sourceTree = "<group>";
		};
		49A4166328091CA200776153 /* Products */ = {
			isa = PBXGroup;
			children = (
				49A4166228091CA200776153 /* healthbeats.app */,
			);
			name = Products;
			sourceTree = "<group>";
		};
		49A4166428091CA200776153 /* healthbeats */ = {
			isa = PBXGroup;
			children = (
				49A416802809202500776153 /* Model */,
				49A4167928091CCF00776153 /* View */,
				49A4167B28091CFF00776153 /* Controller */,
				49A4167A28091CE200776153 /* System */,
				49A4166928091CA200776153 /* ViewController.swift */,
				49A4168B28093E9F00776153 /* Extensions.swift */,
				49A4166B28091CA200776153 /* Main.storyboard */,
				49A4167028091CA200776153 /* LaunchScreen.storyboard */,
				49A4166E28091CA200776153 /* Assets.xcassets */,
			);
			path = healthbeats;
			sourceTree = "<group>";
		};
		49A4167928091CCF00776153 /* View */ = {
			isa = PBXGroup;
			children = (
				49A4167E2809200500776153 /* PaddingLabel.swift */,
				49A416912809A85900776153 /* ActionButton.swift */,
				4946C1C3280BFCF900F847F9 /* NumberTextField.swift */,
				49A416852809241700776153 /* PasswordTextField.swift */,
				49A416872809246200776153 /* TaskCollectionViewCell.swift */,
				49A416892809247800776153 /* PlanCollectionViewCell.swift */,
				4946C1BD280B319E00F847F9 /* ScaleFitImageView.swift */,
			);
			path = View;
			sourceTree = "<group>";
		};
		49A4167A28091CE200776153 /* System */ = {
			isa = PBXGroup;
			children = (
				49A4166528091CA200776153 /* AppDelegate.swift */,
				49A4166728091CA200776153 /* SceneDelegate.swift */,
				49A4167328091CA200776153 /* Info.plist */,
			);
			path = System;
			sourceTree = "<group>";
		};
		49A4167B28091CFF00776153 /* Controller */ = {
			isa = PBXGroup;
			children = (
				49A4167C28091D1000776153 /* LoginViewController.swift */,
				49A4168D28097E3400776153 /* CareTaskViewController.swift */,
				49A4168F28097E3F00776153 /* CarePlanViewController.swift */,
				49A41693280AA73900776153 /* TabViewController.swift */,
				49A41695280ADECC00776153 /* SimpleViewController.swift */,
			);
			path = Controller;
			sourceTree = "<group>";
		};
		49A416802809202500776153 /* Model */ = {
			isa = PBXGroup;
			children = (
				49A416812809207300776153 /* Task.swift */,
				49A416832809228500776153 /* Plan.swift */,
				49A41697280B205600776153 /* TaskFeeder.swift */,
				49A41699280B218C00776153 /* PlanFeeder.swift */,
				49940375280C521800892638 /* PhoneNumber.swift */,
			);
			path = Model;
			sourceTree = "<group>";
		};
/* End PBXGroup section */

/* Begin PBXNativeTarget section */
		49A4166128091CA200776153 /* healthbeats */ = {
			isa = PBXNativeTarget;
			buildConfigurationList = 49A4167628091CA200776153 /* Build configuration list for PBXNativeTarget "healthbeats" */;
			buildPhases = (
				49A4165E28091CA200776153 /* Sources */,
				49A4165F28091CA200776153 /* Frameworks */,
				49A4166028091CA200776153 /* Resources */,
			);
			buildRules = (
			);
			dependencies = (
			);
			name = healthbeats;
			productName = healthbeats;
			productReference = 49A4166228091CA200776153 /* healthbeats.app */;
			productType = "com.apple.product-type.application";
		};
/* End PBXNativeTarget section */

/* Begin PBXProject section */
		49A4165A28091CA200776153 /* Project object */ = {
			isa = PBXProject;
			attributes = {
				BuildIndependentTargetsInParallel = 1;
				LastSwiftUpdateCheck = 1320;
				LastUpgradeCheck = 1320;
				TargetAttributes = {
					49A4166128091CA200776153 = {
						CreatedOnToolsVersion = 13.2.1;
					};
				};
			};
			buildConfigurationList = 49A4165D28091CA200776153 /* Build configuration list for PBXProject "healthbeats" */;
			compatibilityVersion = "Xcode 13.0";
			developmentRegion = en;
			hasScannedForEncodings = 0;
			knownRegions = (
				en,
				Base,
			);
			mainGroup = 49A4165928091CA200776153;
			productRefGroup = 49A4166328091CA200776153 /* Products */;
			projectDirPath = "";
			projectRoot = "";
			targets = (
				49A4166128091CA200776153 /* healthbeats */,
			);
		};
/* End PBXProject section */

/* Begin PBXResourcesBuildPhase section */
		49A4166028091CA200776153 /* Resources */ = {
			isa = PBXResourcesBuildPhase;
			buildActionMask = 2147483647;
			files = (
				49A4167228091CA200776153 /* LaunchScreen.storyboard in Resources */,
				49A4166F28091CA200776153 /* Assets.xcassets in Resources */,
				49A4166D28091CA200776153 /* Main.storyboard in Resources */,
			);
			runOnlyForDeploymentPostprocessing = 0;
		};
/* End PBXResourcesBuildPhase section */

/* Begin PBXSourcesBuildPhase section */
		49A4165E28091CA200776153 /* Sources */ = {
			isa = PBXSourcesBuildPhase;
			buildActionMask = 2147483647;
			files = (
				4946C1BE280B319E00F847F9 /* ScaleFitImageView.swift in Sources */,
				49A4167D28091D1000776153 /* LoginViewController.swift in Sources */,
				49A4167F2809200500776153 /* PaddingLabel.swift in Sources */,
				49A416842809228500776153 /* Plan.swift in Sources */,
				49A41694280AA73900776153 /* TabViewController.swift in Sources */,
				49A4166A28091CA200776153 /* ViewController.swift in Sources */,
				49A4168E28097E3400776153 /* CareTaskViewController.swift in Sources */,
				49A41698280B205600776153 /* TaskFeeder.swift in Sources */,
				49940376280C521800892638 /* PhoneNumber.swift in Sources */,
				49A4169A280B218C00776153 /* PlanFeeder.swift in Sources */,
				49A4166628091CA200776153 /* AppDelegate.swift in Sources */,
				49A416822809207300776153 /* Task.swift in Sources */,
				49A4169028097E3F00776153 /* CarePlanViewController.swift in Sources */,
				49A416882809246200776153 /* TaskCollectionViewCell.swift in Sources */,
				49A4168A2809247800776153 /* PlanCollectionViewCell.swift in Sources */,
				49A4166828091CA200776153 /* SceneDelegate.swift in Sources */,
				49A4168C28093E9F00776153 /* Extensions.swift in Sources */,
				49A416862809241700776153 /* PasswordTextField.swift in Sources */,
				49A41696280ADECC00776153 /* SimpleViewController.swift in Sources */,
				4946C1C4280BFCF900F847F9 /* NumberTextField.swift in Sources */,
				49A416922809A85900776153 /* ActionButton.swift in Sources */,
			);
			runOnlyForDeploymentPostprocessing = 0;
		};
/* End PBXSourcesBuildPhase section */

/* Begin PBXVariantGroup section */
		49A4166B28091CA200776153 /* Main.storyboard */ = {
			isa = PBXVariantGroup;
			children = (
				49A4166C28091CA200776153 /* Base */,
			);
			name = Main.storyboard;
			sourceTree = "<group>";
		};
		49A4167028091CA200776153 /* LaunchScreen.storyboard */ = {
			isa = PBXVariantGroup;
			children = (
				49A4167128091CA200776153 /* Base */,
			);
			name = LaunchScreen.storyboard;
			sourceTree = "<group>";
		};
/* End PBXVariantGroup section */

/* Begin XCBuildConfiguration section */
		49A4167428091CA200776153 /* Debug */ = {
			isa = XCBuildConfiguration;
			buildSettings = {
				ALWAYS_SEARCH_USER_PATHS = NO;
				CLANG_ANALYZER_NONNULL = YES;
				CLANG_ANALYZER_NUMBER_OBJECT_CONVERSION = YES_AGGRESSIVE;
				CLANG_CXX_LANGUAGE_STANDARD = "gnu++17";
				CLANG_CXX_LIBRARY = "libc++";
				CLANG_ENABLE_MODULES = YES;
				CLANG_ENABLE_OBJC_ARC = YES;
				CLANG_ENABLE_OBJC_WEAK = YES;
				CLANG_WARN_BLOCK_CAPTURE_AUTORELEASING = YES;
				CLANG_WARN_BOOL_CONVERSION = YES;
				CLANG_WARN_COMMA = YES;
				CLANG_WARN_CONSTANT_CONVERSION = YES;
				CLANG_WARN_DEPRECATED_OBJC_IMPLEMENTATIONS = YES;
				CLANG_WARN_DIRECT_OBJC_ISA_USAGE = YES_ERROR;
				CLANG_WARN_DOCUMENTATION_COMMENTS = YES;
				CLANG_WARN_EMPTY_BODY = YES;
				CLANG_WARN_ENUM_CONVERSION = YES;
				CLANG_WARN_INFINITE_RECURSION = YES;
				CLANG_WARN_INT_CONVERSION = YES;
				CLANG_WARN_NON_LITERAL_NULL_CONVERSION = YES;
				CLANG_WARN_OBJC_IMPLICIT_RETAIN_SELF = YES;
				CLANG_WARN_OBJC_LITERAL_CONVERSION = YES;
				CLANG_WARN_OBJC_ROOT_CLASS = YES_ERROR;
				CLANG_WARN_QUOTED_INCLUDE_IN_FRAMEWORK_HEADER = YES;
				CLANG_WARN_RANGE_LOOP_ANALYSIS = YES;
				CLANG_WARN_STRICT_PROTOTYPES = YES;
				CLANG_WARN_SUSPICIOUS_MOVE = YES;
				CLANG_WARN_UNGUARDED_AVAILABILITY = YES_AGGRESSIVE;
				CLANG_WARN_UNREACHABLE_CODE = YES;
				CLANG_WARN__DUPLICATE_METHOD_MATCH = YES;
				COPY_PHASE_STRIP = NO;
				DEBUG_INFORMATION_FORMAT = dwarf;
				ENABLE_STRICT_OBJC_MSGSEND = YES;
				ENABLE_TESTABILITY = YES;
				GCC_C_LANGUAGE_STANDARD = gnu11;
				GCC_DYNAMIC_NO_PIC = NO;
				GCC_NO_COMMON_BLOCKS = YES;
				GCC_OPTIMIZATION_LEVEL = 0;
				GCC_PREPROCESSOR_DEFINITIONS = (
					"DEBUG=1",
					"$(inherited)",
				);
				GCC_WARN_64_TO_32_BIT_CONVERSION = YES;
				GCC_WARN_ABOUT_RETURN_TYPE = YES_ERROR;
				GCC_WARN_UNDECLARED_SELECTOR = YES;
				GCC_WARN_UNINITIALIZED_AUTOS = YES_AGGRESSIVE;
				GCC_WARN_UNUSED_FUNCTION = YES;
				GCC_WARN_UNUSED_VARIABLE = YES;
				INFOPLIST_KEY_UIUserInterfaceStyle = Light;
				IPHONEOS_DEPLOYMENT_TARGET = 15.2;
				MTL_ENABLE_DEBUG_INFO = INCLUDE_SOURCE;
				MTL_FAST_MATH = YES;
				ONLY_ACTIVE_ARCH = YES;
				SDKROOT = iphoneos;
				SWIFT_ACTIVE_COMPILATION_CONDITIONS = DEBUG;
				SWIFT_OPTIMIZATION_LEVEL = "-Onone";
			};
			name = Debug;
		};
		49A4167528091CA200776153 /* Release */ = {
			isa = XCBuildConfiguration;
			buildSettings = {
				ALWAYS_SEARCH_USER_PATHS = NO;
				CLANG_ANALYZER_NONNULL = YES;
				CLANG_ANALYZER_NUMBER_OBJECT_CONVERSION = YES_AGGRESSIVE;
				CLANG_CXX_LANGUAGE_STANDARD = "gnu++17";
				CLANG_CXX_LIBRARY = "libc++";
				CLANG_ENABLE_MODULES = YES;
				CLANG_ENABLE_OBJC_ARC = YES;
				CLANG_ENABLE_OBJC_WEAK = YES;
				CLANG_WARN_BLOCK_CAPTURE_AUTORELEASING = YES;
				CLANG_WARN_BOOL_CONVERSION = YES;
				CLANG_WARN_COMMA = YES;
				CLANG_WARN_CONSTANT_CONVERSION = YES;
				CLANG_WARN_DEPRECATED_OBJC_IMPLEMENTATIONS = YES;
				CLANG_WARN_DIRECT_OBJC_ISA_USAGE = YES_ERROR;
				CLANG_WARN_DOCUMENTATION_COMMENTS = YES;
				CLANG_WARN_EMPTY_BODY = YES;
				CLANG_WARN_ENUM_CONVERSION = YES;
				CLANG_WARN_INFINITE_RECURSION = YES;
				CLANG_WARN_INT_CONVERSION = YES;
				CLANG_WARN_NON_LITERAL_NULL_CONVERSION = YES;
				CLANG_WARN_OBJC_IMPLICIT_RETAIN_SELF = YES;
				CLANG_WARN_OBJC_LITERAL_CONVERSION = YES;
				CLANG_WARN_OBJC_ROOT_CLASS = YES_ERROR;
				CLANG_WARN_QUOTED_INCLUDE_IN_FRAMEWORK_HEADER = YES;
				CLANG_WARN_RANGE_LOOP_ANALYSIS = YES;
				CLANG_WARN_STRICT_PROTOTYPES = YES;
				CLANG_WARN_SUSPICIOUS_MOVE = YES;
				CLANG_WARN_UNGUARDED_AVAILABILITY = YES_AGGRESSIVE;
				CLANG_WARN_UNREACHABLE_CODE = YES;
				CLANG_WARN__DUPLICATE_METHOD_MATCH = YES;
				COPY_PHASE_STRIP = NO;
				DEBUG_INFORMATION_FORMAT = "dwarf-with-dsym";
				ENABLE_NS_ASSERTIONS = NO;
				ENABLE_STRICT_OBJC_MSGSEND = YES;
				GCC_C_LANGUAGE_STANDARD = gnu11;
				GCC_NO_COMMON_BLOCKS = YES;
				GCC_WARN_64_TO_32_BIT_CONVERSION = YES;
				GCC_WARN_ABOUT_RETURN_TYPE = YES_ERROR;
				GCC_WARN_UNDECLARED_SELECTOR = YES;
				GCC_WARN_UNINITIALIZED_AUTOS = YES_AGGRESSIVE;
				GCC_WARN_UNUSED_FUNCTION = YES;
				GCC_WARN_UNUSED_VARIABLE = YES;
				INFOPLIST_KEY_UIUserInterfaceStyle = Light;
				IPHONEOS_DEPLOYMENT_TARGET = 15.2;
				MTL_ENABLE_DEBUG_INFO = NO;
				MTL_FAST_MATH = YES;
				SDKROOT = iphoneos;
				SWIFT_COMPILATION_MODE = wholemodule;
				SWIFT_OPTIMIZATION_LEVEL = "-O";
				VALIDATE_PRODUCT = YES;
			};
			name = Release;
		};
		49A4167728091CA200776153 /* Debug */ = {
			isa = XCBuildConfiguration;
			buildSettings = {
				ASSETCATALOG_COMPILER_APPICON_NAME = AppIcon;
				ASSETCATALOG_COMPILER_GLOBAL_ACCENT_COLOR_NAME = AccentColor;
				CODE_SIGN_STYLE = Automatic;
				CURRENT_PROJECT_VERSION = 1;
				DEVELOPMENT_TEAM = 4NQ864VCNU;
				GENERATE_INFOPLIST_FILE = YES;
				INFOPLIST_FILE = healthbeats/System/Info.plist;
				INFOPLIST_KEY_CFBundleDisplayName = HealthBeats;
				INFOPLIST_KEY_UIApplicationSupportsIndirectInputEvents = YES;
				INFOPLIST_KEY_UILaunchStoryboardName = LaunchScreen;
				INFOPLIST_KEY_UIMainStoryboardFile = Main;
				INFOPLIST_KEY_UISupportedInterfaceOrientations = UIInterfaceOrientationPortrait;
				INFOPLIST_KEY_UISupportedInterfaceOrientations_iPad = "UIInterfaceOrientationPortrait UIInterfaceOrientationPortraitUpsideDown UIInterfaceOrientationLandscapeLeft UIInterfaceOrientationLandscapeRight";
				INFOPLIST_KEY_UISupportedInterfaceOrientations_iPhone = "UIInterfaceOrientationPortrait UIInterfaceOrientationLandscapeLeft UIInterfaceOrientationLandscapeRight";
				LD_RUNPATH_SEARCH_PATHS = (
					"$(inherited)",
					"@executable_path/Frameworks",
				);
				MARKETING_VERSION = 1.0;
				PRODUCT_BUNDLE_IDENTIFIER = co.saputra.healthbeats;
				PRODUCT_NAME = "$(TARGET_NAME)";
				SWIFT_EMIT_LOC_STRINGS = YES;
				SWIFT_VERSION = 5.0;
				TARGETED_DEVICE_FAMILY = "1,2";
			};
			name = Debug;
		};
		49A4167828091CA200776153 /* Release */ = {
			isa = XCBuildConfiguration;
			buildSettings = {
				ASSETCATALOG_COMPILER_APPICON_NAME = AppIcon;
				ASSETCATALOG_COMPILER_GLOBAL_ACCENT_COLOR_NAME = AccentColor;
				CODE_SIGN_STYLE = Automatic;
				CURRENT_PROJECT_VERSION = 1;
				DEVELOPMENT_TEAM = 4NQ864VCNU;
				GENERATE_INFOPLIST_FILE = YES;
				INFOPLIST_FILE = healthbeats/System/Info.plist;
				INFOPLIST_KEY_CFBundleDisplayName = HealthBeats;
				INFOPLIST_KEY_UIApplicationSupportsIndirectInputEvents = YES;
				INFOPLIST_KEY_UILaunchStoryboardName = LaunchScreen;
				INFOPLIST_KEY_UIMainStoryboardFile = Main;
				INFOPLIST_KEY_UISupportedInterfaceOrientations = UIInterfaceOrientationPortrait;
				INFOPLIST_KEY_UISupportedInterfaceOrientations_iPad = "UIInterfaceOrientationPortrait UIInterfaceOrientationPortraitUpsideDown UIInterfaceOrientationLandscapeLeft UIInterfaceOrientationLandscapeRight";
				INFOPLIST_KEY_UISupportedInterfaceOrientations_iPhone = "UIInterfaceOrientationPortrait UIInterfaceOrientationLandscapeLeft UIInterfaceOrientationLandscapeRight";
				LD_RUNPATH_SEARCH_PATHS = (
					"$(inherited)",
					"@executable_path/Frameworks",
				);
				MARKETING_VERSION = 1.0;
				PRODUCT_BUNDLE_IDENTIFIER = co.saputra.healthbeats;
				PRODUCT_NAME = "$(TARGET_NAME)";
				SWIFT_EMIT_LOC_STRINGS = YES;
				SWIFT_VERSION = 5.0;
				TARGETED_DEVICE_FAMILY = "1,2";
			};
			name = Release;
		};
/* End XCBuildConfiguration section */

/* Begin XCConfigurationList section */
		49A4165D28091CA200776153 /* Build configuration list for PBXProject "healthbeats" */ = {
			isa = XCConfigurationList;
			buildConfigurations = (
				49A4167428091CA200776153 /* Debug */,
				49A4167528091CA200776153 /* Release */,
			);
			defaultConfigurationIsVisible = 0;
			defaultConfigurationName = Release;
		};
		49A4167628091CA200776153 /* Build configuration list for PBXNativeTarget "healthbeats" */ = {
			isa = XCConfigurationList;
			buildConfigurations = (
				49A4167728091CA200776153 /* Debug */,
				49A4167828091CA200776153 /* Release */,
			);
			defaultConfigurationIsVisible = 0;
			defaultConfigurationName = Release;
		};
/* End XCConfigurationList section */
	};
	rootObject = 49A4165A28091CA200776153 /* Project object */;
}
